
Microsoft Visual Studio Solution File, Format Version 12.00
# Visual Studio Version 17
VisualStudioVersion = 17.0.31717.71
MinimumVisualStudioVersion = 10.0.40219.1
Project("{9A19103F-16F7-4668-BE54-9A1E7A4F7556}") = "MyApplication", "MyApplication.csproj", "{3B3B6CEB-AE90-4E9E-8F28-DC0198E18381}"
EndProject
Global
	GlobalSection(SolutionConfigurationPlatforms) = preSolution
		Debug|Any CPU = Debug|Any CPU
		Release|Any CPU = Release|Any CPU
	EndGlobalSection
	GlobalSection(ProjectConfigurationPlatforms) = postSolution
		{3B3B6CEB-AE90-4E9E-8F28-DC0198E18381}.Debug|Any CPU.ActiveCfg = Debug|Any CPU
		{3B3B6CEB-AE90-4E9E-8F28-DC0198E18381}.Debug|Any CPU.Build.0 = Debug|Any CPU
		{3B3B6CEB-AE90-4E9E-8F28-DC0198E18381}.Release|Any CPU.ActiveCfg = Release|Any CPU
		{3B3B6CEB-AE90-4E9E-8F28-DC0198E18381}.Release|Any CPU.Build.0 = Release|Any CPU
	EndGlobalSection
	GlobalSection(SolutionProperties) = preSolution
		HideSolutionNode = FALSE
	EndGlobalSection
	GlobalSection(ExtensibilityGlobals) = postSolution
		SolutionGuid = {4273C3B2-6B09-472E-9125-081B8D1AAEDE}
	EndGlobalSection
EndGlobal